// !$*UTF8*$!
{
	archiveVersion = 1;
	classes = {
	};
	objectVersion = 46;
	objects = {

/* Begin PBXBuildFile section */
		682BA1691A3EB4350019027B /* CustomBarItem.m in Sources */ = {isa = PBXBuildFile; fileRef = 682BA1661A3EB4350019027B /* CustomBarItem.m */; };
		682BA16A1A3EB4350019027B /* UINavigationItem+CustomItem.m in Sources */ = {isa = PBXBuildFile; fileRef = 682BA1681A3EB4350019027B /* UINavigationItem+CustomItem.m */; };
		682BA1731A3EBA470019027B /* MoreItemViewController.m in Sources */ = {isa = PBXBuildFile; fileRef = 682BA1711A3EBA470019027B /* MoreItemViewController.m */; };
		682BA1741A3EBA470019027B /* MoreItemViewController.xib in Resources */ = {isa = PBXBuildFile; fileRef = 682BA1721A3EBA470019027B /* MoreItemViewController.xib */; };
		68A7D45C1A20A44B00FF867D /* main.m in Sources */ = {isa = PBXBuildFile; fileRef = 68A7D45B1A20A44B00FF867D /* main.m */; };
		68A7D45F1A20A44B00FF867D /* AppDelegate.m in Sources */ = {isa = PBXBuildFile; fileRef = 68A7D45E1A20A44B00FF867D /* AppDelegate.m */; };
		68A7D4621A20A44B00FF867D /* ViewController.m in Sources */ = {isa = PBXBuildFile; fileRef = 68A7D4611A20A44B00FF867D /* ViewController.m */; };
		68A7D4651A20A44B00FF867D /* Main.storyboard in Resources */ = {isa = PBXBuildFile; fileRef = 68A7D4631A20A44B00FF867D /* Main.storyboard */; };
		68A7D4671A20A44B00FF867D /* Images.xcassets in Resources */ = {isa = PBXBuildFile; fileRef = 68A7D4661A20A44B00FF867D /* Images.xcassets */; };
		68A7D46A1A20A44B00FF867D /* LaunchScreen.xib in Resources */ = {isa = PBXBuildFile; fileRef = 68A7D4681A20A44B00FF867D /* LaunchScreen.xib */; };
		68A7D4761A20A44B00FF867D /* CustomBarItemDemoTests.m in Sources */ = {isa = PBXBuildFile; fileRef = 68A7D4751A20A44B00FF867D /* CustomBarItemDemoTests.m */; };
		68DF404A1A20A4D40046EF9C /* test.png in Resources */ = {isa = PBXBuildFile; fileRef = 68DF40491A20A4D40046EF9C /* test.png */; };
		68DF40501A20A59D0046EF9C /* test1.png in Resources */ = {isa = PBXBuildFile; fileRef = 68DF404F1A20A59D0046EF9C /* test1.png */; };
/* End PBXBuildFile section */

/* Begin PBXContainerItemProxy section */
		68A7D4701A20A44B00FF867D /* PBXContainerItemProxy */ = {
			isa = PBXContainerItemProxy;
			containerPortal = 68A7D44E1A20A44B00FF867D /* Project object */;
			proxyType = 1;
			remoteGlobalIDString = 68A7D4551A20A44B00FF867D;
			remoteInfo = CustomBarItemDemo;
		};
/* End PBXContainerItemProxy section */

/* Begin PBXFileReference section */
		682BA1651A3EB4350019027B /* CustomBarItem.h */ = {isa = PBXFileReference; fileEncoding = 4; lastKnownFileType = sourcecode.c.h; path = CustomBarItem.h; sourceTree = "<group>"; };
		682BA1661A3EB4350019027B /* CustomBarItem.m */ = {isa = PBXFileReference; fileEncoding = 4; lastKnownFileType = sourcecode.c.objc; path = CustomBarItem.m; sourceTree = "<group>"; };
		682BA1671A3EB4350019027B /* UINavigationItem+CustomItem.h */ = {isa = PBXFileReference; fileEncoding = 4; lastKnownFileType = sourcecode.c.h; path = "UINavigationItem+CustomItem.h"; sourceTree = "<group>"; };
		682BA1681A3EB4350019027B /* UINavigationItem+CustomItem.m */ = {isa = PBXFileReference; fileEncoding = 4; lastKnownFileType = sourcecode.c.objc; path = "UINavigationItem+CustomItem.m"; sourceTree = "<group>"; };
		682BA1701A3EBA470019027B /* MoreItemViewController.h */ = {isa = PBXFileReference; fileEncoding = 4; lastKnownFileType = sourcecode.c.h; path = MoreItemViewController.h; sourceTree = "<group>"; };
		682BA1711A3EBA470019027B /* MoreItemViewController.m */ = {isa = PBXFileReference; fileEncoding = 4; lastKnownFileType = sourcecode.c.objc; path = MoreItemViewController.m; sourceTree = "<group>"; };
		682BA1721A3EBA470019027B /* MoreItemViewController.xib */ = {isa = PBXFileReference; fileEncoding = 4; lastKnownFileType = file.xib; path = MoreItemViewController.xib; sourceTree = "<group>"; };
		68A7D4561A20A44B00FF867D /* CustomBarItemDemo.app */ = {isa = PBXFileReference; explicitFileType = wrapper.application; includeInIndex = 0; path = CustomBarItemDemo.app; sourceTree = BUILT_PRODUCTS_DIR; };
		68A7D45A1A20A44B00FF867D /* Info.plist */ = {isa = PBXFileReference; lastKnownFileType = text.plist.xml; path = Info.plist; sourceTree = "<group>"; };
		68A7D45B1A20A44B00FF867D /* main.m */ = {isa = PBXFileReference; lastKnownFileType = sourcecode.c.objc; path = main.m; sourceTree = "<group>"; };
		68A7D45D1A20A44B00FF867D /* AppDelegate.h */ = {isa = PBXFileReference; lastKnownFileType = sourcecode.c.h; path = AppDelegate.h; sourceTree = "<group>"; };
		68A7D45E1A20A44B00FF867D /* AppDelegate.m */ = {isa = PBXFileReference; lastKnownFileType = sourcecode.c.objc; path = AppDelegate.m; sourceTree = "<group>"; };
		68A7D4601A20A44B00FF867D /* ViewController.h */ = {isa = PBXFileReference; lastKnownFileType = sourcecode.c.h; path = ViewController.h; sourceTree = "<group>"; };
		68A7D4611A20A44B00FF867D /* ViewController.m */ = {isa = PBXFileReference; lastKnownFileType = sourcecode.c.objc; path = ViewController.m; sourceTree = "<group>"; };
		68A7D4641A20A44B00FF867D /* Base */ = {isa = PBXFileReference; lastKnownFileType = file.storyboard; name = Base; path = Base.lproj/Main.storyboard; sourceTree = "<group>"; };
		68A7D4661A20A44B00FF867D /* Images.xcassets */ = {isa = PBXFileReference; lastKnownFileType = folder.assetcatalog; path = Images.xcassets; sourceTree = "<group>"; };
		68A7D4691A20A44B00FF867D /* Base */ = {isa = PBXFileReference; lastKnownFileType = file.xib; name = Base; path = Base.lproj/LaunchScreen.xib; sourceTree = "<group>"; };
		68A7D46F1A20A44B00FF867D /* CustomBarItemDemoTests.xctest */ = {isa = PBXFileReference; explicitFileType = wrapper.cfbundle; includeInIndex = 0; path = CustomBarItemDemoTests.xctest; sourceTree = BUILT_PRODUCTS_DIR; };
		68A7D4741A20A44B00FF867D /* Info.plist */ = {isa = PBXFileReference; lastKnownFileType = text.plist.xml; path = Info.plist; sourceTree = "<group>"; };
		68A7D4751A20A44B00FF867D /* CustomBarItemDemoTests.m */ = {isa = PBXFileReference; lastKnownFileType = sourcecode.c.objc; path = CustomBarItemDemoTests.m; sourceTree = "<group>"; };
		68DF40491A20A4D40046EF9C /* test.png */ = {isa = PBXFileReference; lastKnownFileType = image.png; path = test.png; sourceTree = "<group>"; };
		68DF404F1A20A59D0046EF9C /* test1.png */ = {isa = PBXFileReference; lastKnownFileType = image.png; path = test1.png; sourceTree = "<group>"; };
/* End PBXFileReference section */

/* Begin PBXFrameworksBuildPhase section */
		68A7D4531A20A44B00FF867D /* Frameworks */ = {
			isa = PBXFrameworksBuildPhase;
			buildActionMask = 2147483647;
			files = (
			);
			runOnlyForDeploymentPostprocessing = 0;
		};
		68A7D46C1A20A44B00FF867D /* Frameworks */ = {
			isa = PBXFrameworksBuildPhase;
			buildActionMask = 2147483647;
			files = (
			);
			runOnlyForDeploymentPostprocessing = 0;
		};
/* End PBXFrameworksBuildPhase section */

/* Begin PBXGroup section */
		682BA1641A3EB4350019027B /* customNavigationItem */ = {
			isa = PBXGroup;
			children = (
				682BA1651A3EB4350019027B /* CustomBarItem.h */,
				682BA1661A3EB4350019027B /* CustomBarItem.m */,
				682BA1671A3EB4350019027B /* UINavigationItem+CustomItem.h */,
				682BA1681A3EB4350019027B /* UINavigationItem+CustomItem.m */,
			);
			path = customNavigationItem;
			sourceTree = "<group>";
		};
		68A7D44D1A20A44B00FF867D = {
			isa = PBXGroup;
			children = (
				68A7D4581A20A44B00FF867D /* CustomBarItemDemo */,
				68A7D4721A20A44B00FF867D /* CustomBarItemDemoTests */,
				68A7D4571A20A44B00FF867D /* Products */,
			);
			sourceTree = "<group>";
		};
		68A7D4571A20A44B00FF867D /* Products */ = {
			isa = PBXGroup;
			children = (
				68A7D4561A20A44B00FF867D /* CustomBarItemDemo.app */,
				68A7D46F1A20A44B00FF867D /* CustomBarItemDemoTests.xctest */,
			);
			name = Products;
			sourceTree = "<group>";
		};
		68A7D4581A20A44B00FF867D /* CustomBarItemDemo */ = {
			isa = PBXGroup;
			children = (
				682BA1641A3EB4350019027B /* customNavigationItem */,
				68DF40491A20A4D40046EF9C /* test.png */,
				68DF404F1A20A59D0046EF9C /* test1.png */,
				68A7D45D1A20A44B00FF867D /* AppDelegate.h */,
				68A7D45E1A20A44B00FF867D /* AppDelegate.m */,
				68A7D4601A20A44B00FF867D /* ViewController.h */,
				68A7D4611A20A44B00FF867D /* ViewController.m */,
				68A7D4631A20A44B00FF867D /* Main.storyboard */,
				682BA1701A3EBA470019027B /* MoreItemViewController.h */,
				682BA1711A3EBA470019027B /* MoreItemViewController.m */,
				682BA1721A3EBA470019027B /* MoreItemViewController.xib */,
				68A7D4661A20A44B00FF867D /* Images.xcassets */,
				68A7D4681A20A44B00FF867D /* LaunchScreen.xib */,
				68A7D4591A20A44B00FF867D /* Supporting Files */,
			);
			path = CustomBarItemDemo;
			sourceTree = "<group>";
		};
		68A7D4591A20A44B00FF867D /* Supporting Files */ = {
			isa = PBXGroup;
			children = (
				68A7D45A1A20A44B00FF867D /* Info.plist */,
				68A7D45B1A20A44B00FF867D /* main.m */,
			);
			name = "Supporting Files";
			sourceTree = "<group>";
		};
		68A7D4721A20A44B00FF867D /* CustomBarItemDemoTests */ = {
			isa = PBXGroup;
			children = (
				68A7D4751A20A44B00FF867D /* CustomBarItemDemoTests.m */,
				68A7D4731A20A44B00FF867D /* Supporting Files */,
			);
			path = CustomBarItemDemoTests;
			sourceTree = "<group>";
		};
		68A7D4731A20A44B00FF867D /* Supporting Files */ = {
			isa = PBXGroup;
			children = (
				68A7D4741A20A44B00FF867D /* Info.plist */,
			);
			name = "Supporting Files";
			sourceTree = "<group>";
		};
/* End PBXGroup section */

/* Begin PBXNativeTarget section */
		68A7D4551A20A44B00FF867D /* CustomBarItemDemo */ = {
			isa = PBXNativeTarget;
			buildConfigurationList = 68A7D4791A20A44B00FF867D /* Build configuration list for PBXNativeTarget "CustomBarItemDemo" */;
			buildPhases = (
				68A7D4521A20A44B00FF867D /* Sources */,
				68A7D4531A20A44B00FF867D /* Frameworks */,
				68A7D4541A20A44B00FF867D /* Resources */,
			);
			buildRules = (
			);
			dependencies = (
			);
			name = CustomBarItemDemo;
			productName = CustomBarItemDemo;
			productReference = 68A7D4561A20A44B00FF867D /* CustomBarItemDemo.app */;
			productType = "com.apple.product-type.application";
		};
		68A7D46E1A20A44B00FF867D /* CustomBarItemDemoTests */ = {
			isa = PBXNativeTarget;
			buildConfigurationList = 68A7D47C1A20A44B00FF867D /* Build configuration list for PBXNativeTarget "CustomBarItemDemoTests" */;
			buildPhases = (
				68A7D46B1A20A44B00FF867D /* Sources */,
				68A7D46C1A20A44B00FF867D /* Frameworks */,
				68A7D46D1A20A44B00FF867D /* Resources */,
			);
			buildRules = (
			);
			dependencies = (
				68A7D4711A20A44B00FF867D /* PBXTargetDependency */,
			);
			name = CustomBarItemDemoTests;
			productName = CustomBarItemDemoTests;
			productReference = 68A7D46F1A20A44B00FF867D /* CustomBarItemDemoTests.xctest */;
			productType = "com.apple.product-type.bundle.unit-test";
		};
/* End PBXNativeTarget section */

/* Begin PBXProject section */
		68A7D44E1A20A44B00FF867D /* Project object */ = {
			isa = PBXProject;
			attributes = {
				LastUpgradeCheck = 0610;
				ORGANIZATIONNAME = wangtian;
				TargetAttributes = {
					68A7D4551A20A44B00FF867D = {
						CreatedOnToolsVersion = 6.1;
					};
					68A7D46E1A20A44B00FF867D = {
						CreatedOnToolsVersion = 6.1;
						TestTargetID = 68A7D4551A20A44B00FF867D;
					};
				};
			};
			buildConfigurationList = 68A7D4511A20A44B00FF867D /* Build configuration list for PBXProject "CustomBarItemDemo" */;
			compatibilityVersion = "Xcode 3.2";
			developmentRegion = English;
			hasScannedForEncodings = 0;
			knownRegions = (
				en,
				Base,
			);
			mainGroup = 68A7D44D1A20A44B00FF867D;
			productRefGroup = 68A7D4571A20A44B00FF867D /* Products */;
			projectDirPath = "";
			projectRoot = "";
			targets = (
				68A7D4551A20A44B00FF867D /* CustomBarItemDemo */,
				68A7D46E1A20A44B00FF867D /* CustomBarItemDemoTests */,
			);
		};
/* End PBXProject section */

/* Begin PBXResourcesBuildPhase section */
		68A7D4541A20A44B00FF867D /* Resources */ = {
			isa = PBXResourcesBuildPhase;
			buildActionMask = 2147483647;
			files = (
				68A7D4651A20A44B00FF867D /* Main.storyboard in Resources */,
				68DF404A1A20A4D40046EF9C /* test.png in Resources */,
				68A7D46A1A20A44B00FF867D /* LaunchScreen.xib in Resources */,
				68A7D4671A20A44B00FF867D /* Images.xcassets in Resources */,
				682BA1741A3EBA470019027B /* MoreItemViewController.xib in Resources */,
				68DF40501A20A59D0046EF9C /* test1.png in Resources */,
			);
			runOnlyForDeploymentPostprocessing = 0;
		};
		68A7D46D1A20A44B00FF867D /* Resources */ = {
			isa = PBXResourcesBuildPhase;
			buildActionMask = 2147483647;
			files = (
			);
			runOnlyForDeploymentPostprocessing = 0;
		};
/* End PBXResourcesBuildPhase section */

/* Begin PBXSourcesBuildPhase section */
		68A7D4521A20A44B00FF867D /* Sources */ = {
			isa = PBXSourcesBuildPhase;
			buildActionMask = 2147483647;
			files = (
				682BA1731A3EBA470019027B /* MoreItemViewController.m in Sources */,
				682BA16A1A3EB4350019027B /* UINavigationItem+CustomItem.m in Sources */,
				68A7D4621A20A44B00FF867D /* ViewController.m in Sources */,
				68A7D45F1A20A44B00FF867D /* AppDelegate.m in Sources */,
				682BA1691A3EB4350019027B /* CustomBarItem.m in Sources */,
				68A7D45C1A20A44B00FF867D /* main.m in Sources */,
			);
			runOnlyForDeploymentPostprocessing = 0;
		};
		68A7D46B1A20A44B00FF867D /* Sources */ = {
			isa = PBXSourcesBuildPhase;
			buildActionMask = 2147483647;
			files = (
				68A7D4761A20A44B00FF867D /* CustomBarItemDemoTests.m in Sources */,
			);
			runOnlyForDeploymentPostprocessing = 0;
		};
/* End PBXSourcesBuildPhase section */

/* Begin PBXTargetDependency section */
		68A7D4711A20A44B00FF867D /* PBXTargetDependency */ = {
			isa = PBXTargetDependency;
			target = 68A7D4551A20A44B00FF867D /* CustomBarItemDemo */;
			targetProxy = 68A7D4701A20A44B00FF867D /* PBXContainerItemProxy */;
		};
/* End PBXTargetDependency section */

/* Begin PBXVariantGroup section */
		68A7D4631A20A44B00FF867D /* Main.storyboard */ = {
			isa = PBXVariantGroup;
			children = (
				68A7D4641A20A44B00FF867D /* Base */,
			);
			name = Main.storyboard;
			sourceTree = "<group>";
		};
		68A7D4681A20A44B00FF867D /* LaunchScreen.xib */ = {
			isa = PBXVariantGroup;
			children = (
				68A7D4691A20A44B00FF867D /* Base */,
			);
			name = LaunchScreen.xib;
			sourceTree = "<group>";
		};
/* End PBXVariantGroup section */

/* Begin XCBuildConfiguration section */
		68A7D4771A20A44B00FF867D /* Debug */ = {
			isa = XCBuildConfiguration;
			buildSettings = {
				ALWAYS_SEARCH_USER_PATHS = NO;
				CLANG_CXX_LANGUAGE_STANDARD = "gnu++0x";
				CLANG_CXX_LIBRARY = "libc++";
				CLANG_ENABLE_MODULES = YES;
				CLANG_ENABLE_OBJC_ARC = YES;
				CLANG_WARN_BOOL_CONVERSION = YES;
				CLANG_WARN_CONSTANT_CONVERSION = YES;
				CLANG_WARN_DIRECT_OBJC_ISA_USAGE = YES_ERROR;
				CLANG_WARN_EMPTY_BODY = YES;
				CLANG_WARN_ENUM_CONVERSION = YES;
				CLANG_WARN_INT_CONVERSION = YES;
				CLANG_WARN_OBJC_ROOT_CLASS = YES_ERROR;
				CLANG_WARN_UNREACHABLE_CODE = YES;
				CLANG_WARN__DUPLICATE_METHOD_MATCH = YES;
				"CODE_SIGN_IDENTITY[sdk=iphoneos*]" = "iPhone Developer";
				COPY_PHASE_STRIP = NO;
				ENABLE_STRICT_OBJC_MSGSEND = YES;
				GCC_C_LANGUAGE_STANDARD = gnu99;
				GCC_DYNAMIC_NO_PIC = NO;
				GCC_OPTIMIZATION_LEVEL = 0;
				GCC_PREPROCESSOR_DEFINITIONS = (
					"DEBUG=1",
					"$(inherited)",
				);
				GCC_SYMBOLS_PRIVATE_EXTERN = NO;
				GCC_WARN_64_TO_32_BIT_CONVERSION = YES;
				GCC_WARN_ABOUT_RETURN_TYPE = YES_ERROR;
				GCC_WARN_UNDECLARED_SELECTOR = YES;
				GCC_WARN_UNINITIALIZED_AUTOS = YES_AGGRESSIVE;
				GCC_WARN_UNUSED_FUNCTION = YES;
				GCC_WARN_UNUSED_VARIABLE = YES;
				IPHONEOS_DEPLOYMENT_TARGET = 7.0;
				MTL_ENABLE_DEBUG_INFO = YES;
				ONLY_ACTIVE_ARCH = YES;
				SDKROOT = iphoneos;
			};
			name = Debug;
		};
		68A7D4781A20A44B00FF867D /* Release */ = {
			isa = XCBuildConfiguration;
			buildSettings = {
				ALWAYS_SEARCH_USER_PATHS = NO;
				CLANG_CXX_LANGUAGE_STANDARD = "gnu++0x";
				CLANG_CXX_LIBRARY = "libc++";
				CLANG_ENABLE_MODULES = YES;
				CLANG_ENABLE_OBJC_ARC = YES;
				CLANG_WARN_BOOL_CONVERSION = YES;
				CLANG_WARN_CONSTANT_CONVERSION = YES;
				CLANG_WARN_DIRECT_OBJC_ISA_USAGE = YES_ERROR;
				CLANG_WARN_EMPTY_BODY = YES;
				CLANG_WARN_ENUM_CONVERSION = YES;
				CLANG_WARN_INT_CONVERSION = YES;
				CLANG_WARN_OBJC_ROOT_CLASS = YES_ERROR;
				CLANG_WARN_UNREACHABLE_CODE = YES;
				CLANG_WARN__DUPLICATE_METHOD_MATCH = YES;
				"CODE_SIGN_IDENTITY[sdk=iphoneos*]" = "iPhone Developer";
				COPY_PHASE_STRIP = YES;
				ENABLE_NS_ASSERTIONS = NO;
				ENABLE_STRICT_OBJC_MSGSEND = YES;
				GCC_C_LANGUAGE_STANDARD = gnu99;
				GCC_WARN_64_TO_32_BIT_CONVERSION = YES;
				GCC_WARN_ABOUT_RETURN_TYPE = YES_ERROR;
				GCC_WARN_UNDECLARED_SELECTOR = YES;
				GCC_WARN_UNINITIALIZED_AUTOS = YES_AGGRESSIVE;
				GCC_WARN_UNUSED_FUNCTION = YES;
				GCC_WARN_UNUSED_VARIABLE = YES;
				IPHONEOS_DEPLOYMENT_TARGET = 7.0;
				MTL_ENABLE_DEBUG_INFO = NO;
				SDKROOT = iphoneos;
				VALIDATE_PRODUCT = YES;
			};
			name = Release;
		};
		68A7D47A1A20A44B00FF867D /* Debug */ = {
			isa = XCBuildConfiguration;
			buildSettings = {
				ASSETCATALOG_COMPILER_APPICON_NAME = AppIcon;
				INFOPLIST_FILE = CustomBarItemDemo/Info.plist;
				IPHONEOS_DEPLOYMENT_TARGET = 7.0;
				LD_RUNPATH_SEARCH_PATHS = "$(inherited) @executable_path/Frameworks";
				PRODUCT_NAME = "$(TARGET_NAME)";
			};
			name = Debug;
		};
		68A7D47B1A20A44B00FF867D /* Release */ = {
			isa = XCBuildConfiguration;
			buildSettings = {
				ASSETCATALOG_COMPILER_APPICON_NAME = AppIcon;
				INFOPLIST_FILE = CustomBarItemDemo/Info.plist;
				IPHONEOS_DEPLOYMENT_TARGET = 7.0;
				LD_RUNPATH_SEARCH_PATHS = "$(inherited) @executable_path/Frameworks";
				PRODUCT_NAME = "$(TARGET_NAME)";
			};
			name = Release;
		};
		68A7D47D1A20A44B00FF867D /* Debug */ = {
			isa = XCBuildConfiguration;
			buildSettings = {
				BUNDLE_LOADER = "$(TEST_HOST)";
				FRAMEWORK_SEARCH_PATHS = (
					"$(SDKROOT)/Developer/Library/Frameworks",
					"$(inherited)",
				);
				GCC_PREPROCESSOR_DEFINITIONS = (
					"DEBUG=1",
					"$(inherited)",
				);
				INFOPLIST_FILE = CustomBarItemDemoTests/Info.plist;
				LD_RUNPATH_SEARCH_PATHS = "$(inherited) @executable_path/Frameworks @loader_path/Frameworks";
				PRODUCT_NAME = "$(TARGET_NAME)";
				TEST_HOST = "$(BUILT_PRODUCTS_DIR)/CustomBarItemDemo.app/CustomBarItemDemo";
			};
			name = Debug;
		};
		68A7D47E1A20A44B00FF867D /* Release */ = {
			isa = XCBuildConfiguration;
			buildSettings = {
				BUNDLE_LOADER = "$(TEST_HOST)";
				FRAMEWORK_SEARCH_PATHS = (
					"$(SDKROOT)/Developer/Library/Frameworks",
					"$(inherited)",
				);
				INFOPLIST_FILE = CustomBarItemDemoTests/Info.plist;
				LD_RUNPATH_SEARCH_PATHS = "$(inherited) @executable_path/Frameworks @loader_path/Frameworks";
				PRODUCT_NAME = "$(TARGET_NAME)";
				TEST_HOST = "$(BUILT_PRODUCTS_DIR)/CustomBarItemDemo.app/CustomBarItemDemo";
			};
			name = Release;
		};
/* End XCBuildConfiguration section */

/* Begin XCConfigurationList section */
		68A7D4511A20A44B00FF867D /* Build configuration list for PBXProject "CustomBarItemDemo" */ = {
			isa = XCConfigurationList;
			buildConfigurations = (
				68A7D4771A20A44B00FF867D /* Debug */,
				68A7D4781A20A44B00FF867D /* Release */,
			);
			defaultConfigurationIsVisible = 0;
			defaultConfigurationName = Release;
		};
		68A7D4791A20A44B00FF867D /* Build configuration list for PBXNativeTarget "CustomBarItemDemo" */ = {
			isa = XCConfigurationList;
			buildConfigurations = (
				68A7D47A1A20A44B00FF867D /* Debug */,
				68A7D47B1A20A44B00FF867D /* Release */,
			);
			defaultConfigurationIsVisible = 0;
			defaultConfigurationName = Release;
		};
		68A7D47C1A20A44B00FF867D /* Build configuration list for PBXNativeTarget "CustomBarItemDemoTests" */ = {
			isa = XCConfigurationList;
			buildConfigurations = (
				68A7D47D1A20A44B00FF867D /* Debug */,
				68A7D47E1A20A44B00FF867D /* Release */,
			);
			defaultConfigurationIsVisible = 0;
			defaultConfigurationName = Release;
		};
/* End XCConfigurationList section */
	};
	rootObject = 68A7D44E1A20A44B00FF867D /* Project object */;
}
